
Microsoft Visual Studio Solution File, Format Version 12.00
# Visual Studio Version 17
VisualStudioVersion = 17.9.34723.18
MinimumVisualStudioVersion = 10.0.40219.1
Project("{9A19103F-16F7-4668-BE54-9A1E7A4F7556}") = "DotSights.ConsoleApp", "DotSights.ConsoleApp\DotSights.ConsoleApp.csproj", "{F929536E-EDD2-4902-BA79-9F208EDC5794}"
EndProject
Project("{9A19103F-16F7-4668-BE54-9A1E7A4F7556}") = "DotSights.Core", "DotSights.Core\DotSights.Core.csproj", "{F0286BAF-0C64-4E65-951B-ECEC48F4B4A1}"
EndProject
Project("{9A19103F-16F7-4668-BE54-9A1E7A4F7556}") = "DotSights.Tracker", "DotSights.Tracker\DotSights.Tracker.csproj", "{9136C7A1-DCC7-486E-8B35-2E2084964E26}"
EndProject
Project("{FAE04EC0-301F-11D3-BF4B-00C04F79EFBC}") = "DotSights.Avalonia", "DotSights.Avalonia\DotSights.Avalonia.csproj", "{537926A0-6533-4882-A1BF-C4D537D8562B}"
EndProject
Global
	GlobalSection(SolutionConfigurationPlatforms) = preSolution
		Debug|Any CPU = Debug|Any CPU
		Release|Any CPU = Release|Any CPU
	EndGlobalSection
	GlobalSection(ProjectConfigurationPlatforms) = postSolution
		{F929536E-EDD2-4902-BA79-9F208EDC5794}.Debug|Any CPU.ActiveCfg = Debug|Any CPU
		{F929536E-EDD2-4902-BA79-9F208EDC5794}.Debug|Any CPU.Build.0 = Debug|Any CPU
		{F929536E-EDD2-4902-BA79-9F208EDC5794}.Release|Any CPU.ActiveCfg = Release|Any CPU
		{F929536E-EDD2-4902-BA79-9F208EDC5794}.Release|Any CPU.Build.0 = Release|Any CPU
		{F0286BAF-0C64-4E65-951B-ECEC48F4B4A1}.Debug|Any CPU.ActiveCfg = Debug|Any CPU
		{F0286BAF-0C64-4E65-951B-ECEC48F4B4A1}.Debug|Any CPU.Build.0 = Debug|Any CPU
		{F0286BAF-0C64-4E65-951B-ECEC48F4B4A1}.Release|Any CPU.ActiveCfg = Release|Any CPU
		{F0286BAF-0C64-4E65-951B-ECEC48F4B4A1}.Release|Any CPU.Build.0 = Release|Any CPU
		{9136C7A1-DCC7-486E-8B35-2E2084964E26}.Debug|Any CPU.ActiveCfg = Debug|Any CPU
		{9136C7A1-DCC7-486E-8B35-2E2084964E26}.Debug|Any CPU.Build.0 = Debug|Any CPU
		{9136C7A1-DCC7-486E-8B35-2E2084964E26}.Release|Any CPU.ActiveCfg = Release|Any CPU
		{9136C7A1-DCC7-486E-8B35-2E2084964E26}.Release|Any CPU.Build.0 = Release|Any CPU
		{537926A0-6533-4882-A1BF-C4D537D8562B}.Debug|Any CPU.ActiveCfg = Debug|Any CPU
		{537926A0-6533-4882-A1BF-C4D537D8562B}.Debug|Any CPU.Build.0 = Debug|Any CPU
		{537926A0-6533-4882-A1BF-C4D537D8562B}.Release|Any CPU.ActiveCfg = Release|Any CPU
		{537926A0-6533-4882-A1BF-C4D537D8562B}.Release|Any CPU.Build.0 = Release|Any CPU
	EndGlobalSection
	GlobalSection(SolutionProperties) = preSolution
		HideSolutionNode = FALSE
	EndGlobalSection
	GlobalSection(ExtensibilityGlobals) = postSolution
		SolutionGuid = {3CB0EAC1-FFAC-4A47-9E0D-CE341B1959D0}
	EndGlobalSection
EndGlobal
